
Microsoft Visual Studio Solution File, Format Version 12.00
# Visual Studio Version 17
VisualStudioVersion = 17.11.35219.272
MinimumVisualStudioVersion = 10.0.40219.1
Project("{FAE04EC0-301F-11D3-BF4B-00C04F79EFBC}") = "Eco-Toner", "Eco-Toner\Eco-Toner.csproj", "{1F30E1E9-AA03-42D9-9D3B-B74B219C3E12}"
EndProject
Global
	GlobalSection(SolutionConfigurationPlatforms) = preSolution
		Debug|Any CPU = Debug|Any CPU
		Release|Any CPU = Release|Any CPU
	EndGlobalSection
	GlobalSection(ProjectConfigurationPlatforms) = postSolution
		{1F30E1E9-AA03-42D9-9D3B-B74B219C3E12}.Debug|Any CPU.ActiveCfg = Debug|Any CPU
		{1F30E1E9-AA03-42D9-9D3B-B74B219C3E12}.Debug|Any CPU.Build.0 = Debug|Any CPU
		{1F30E1E9-AA03-42D9-9D3B-B74B219C3E12}.Release|Any CPU.ActiveCfg = Release|Any CPU
		{1F30E1E9-AA03-42D9-9D3B-B74B219C3E12}.Release|Any CPU.Build.0 = Release|Any CPU
	EndGlobalSection
	GlobalSection(SolutionProperties) = preSolution
		HideSolutionNode = FALSE
	EndGlobalSection
	GlobalSection(ExtensibilityGlobals) = postSolution
		SolutionGuid = {ACD47B57-1C16-4B3B-A9C5-D8716853CC78}
	EndGlobalSection
EndGlobal
